lockfileVersion: 5.4

specifiers:
  '@prisma/client': 4.5.0
  '@types/got': ^9.6.12
  '@types/node': ^18.11.7
  got: ^12.5.2
  oicq: ^2.3.1
  prisma: ^4.5.0
  reflect-metadata: ^0.1.13
  ts-node: ^10.9.1
  typescript: ^4.8.4

dependencies:
  '@prisma/client': registry.npmmirror.com/@prisma/client/4.5.0_prisma@4.5.0
  '@types/got': registry.npmmirror.com/@types/got/9.6.12
  got: registry.npmmirror.com/got/12.5.2
  oicq: registry.npmmirror.com/oicq/2.3.1
  reflect-metadata: registry.npmmirror.com/reflect-metadata/0.1.13

devDependencies:
  '@types/node': registry.npmmirror.com/@types/node/18.11.7
  prisma: registry.npmmirror.com/prisma/4.5.0
  ts-node: registry.npmmirror.com/ts-node/10.9.1_evej5wzm4hojmu6uzxwpspdmsu
  typescript: registry.npmmirror.com/typescript/4.8.4

packages:

  registry.npmmirror.com/@cspotcode/source-map-support/0.8.1:
    resolution: { integrity: sha512-IchNf6dN4tHoMFIn/7OE8LWZ19Y6q/67Bmf6vnGREv8RSbBVb9LPJxEcnwrcwX6ixSvaiGoomAUvu4YSxXrVgw==, registry: https://registry.npm.taobao.org/, tarball: https://registry.npmmirror.com/@cspotcode/source-map-support/-/source-map-support-0.8.1.tgz }
    name: '@cspotcode/source-map-support'
    version: 0.8.1
    engines: { node: '>=12' }
    dependencies:
      '@jridgewell/trace-mapping': registry.npmmirror.com/@jridgewell/trace-mapping/0.3.9
    dev: true

  registry.npmmirror.com/@jridgewell/resolve-uri/3.1.0:
    resolution: { integrity: sha512-F2msla3tad+Mfht5cJq7LSXcdudKTWCVYUgw6pLFOOHSTtZlj6SWNYAp+AhuqLmWdBO2X5hPrLcu8cVP8fy28w==, registry: https://registry.npm.taobao.org/, tarball: https://registry.npmmirror.com/@jridgewell/resolve-uri/-/resolve-uri-3.1.0.tgz }
    name: '@jridgewell/resolve-uri'
    version: 3.1.0
    engines: { node: '>=6.0.0' }
    dev: true

  registry.npmmirror.com/@jridgewell/sourcemap-codec/1.4.14:
    resolution: { integrity: sha512-XPSJHWmi394fuUuzDnGz1wiKqWfo1yXecHQMRf2l6hztTO+nPru658AyDngaBe7isIxEkRsPR3FZh+s7iVa4Uw==, registry: https://registry.npm.taobao.org/, tarball: https://registry.npmmirror.com/@jridgewell/sourcemap-codec/-/sourcemap-codec-1.4.14.tgz }
    name: '@jridgewell/sourcemap-codec'
    version: 1.4.14
    dev: true

  registry.npmmirror.com/@jridgewell/trace-mapping/0.3.9:
    resolution: { integrity: sha512-3Belt6tdc8bPgAtbcmdtNJlirVoTmEb5e2gC94PnkwEW9jI6CAHUeoG85tjWP5WquqfavoMtMwiG4P926ZKKuQ==, registry: https://registry.npm.taobao.org/, tarball: https://registry.npmmirror.com/@jridgewell/trace-mapping/-/trace-mapping-0.3.9.tgz }
    name: '@jridgewell/trace-mapping'
    version: 0.3.9
    dependencies:
      '@jridgewell/resolve-uri': registry.npmmirror.com/@jridgewell/resolve-uri/3.1.0
      '@jridgewell/sourcemap-codec': registry.npmmirror.com/@jridgewell/sourcemap-codec/1.4.14
    dev: true

  registry.npmmirror.com/@prisma/client/4.5.0_prisma@4.5.0:
    resolution: { integrity: sha512-B2cV0OPI1smhdYUxsJoLYQLoMlLH06MUxgFUWQnHodGMX98VRVXKmQE/9OcrTNkqtke5RC+YU24Szxd04tZA2g==, registry: https://registry.npm.taobao.org/, tarball: https://registry.npmmirror.com/@prisma/client/-/client-4.5.0.tgz }
    id: registry.npmmirror.com/@prisma/client/4.5.0
    name: '@prisma/client'
    version: 4.5.0
    engines: { node: '>=14.17' }
    requiresBuild: true
    peerDependencies:
      prisma: '*'
    peerDependenciesMeta:
      prisma:
        optional: true
    dependencies:
      '@prisma/engines-version': registry.npmmirror.com/@prisma/engines-version/4.5.0-43.0362da9eebca54d94c8ef5edd3b2e90af99ba452
      prisma: registry.npmmirror.com/prisma/4.5.0
    dev: false

  registry.npmmirror.com/@prisma/engines-version/4.5.0-43.0362da9eebca54d94c8ef5edd3b2e90af99ba452:
    resolution: { integrity: sha512-o7LyVx8PPJBLrEzLl6lpxxk2D5VnlM4Fwmrbq0NoT6pr5aa1OuHD9ZG+WJY6TlR/iD9bhmo2LNcxddCMr5Rv2A==, registry: https://registry.npm.taobao.org/, tarball: https://registry.npmmirror.com/@prisma/engines-version/-/engines-version-4.5.0-43.0362da9eebca54d94c8ef5edd3b2e90af99ba452.tgz }
    name: '@prisma/engines-version'
    version: 4.5.0-43.0362da9eebca54d94c8ef5edd3b2e90af99ba452
    dev: false

  registry.npmmirror.com/@prisma/engines/4.5.0:
    resolution: { integrity: sha512-4t9ir2SbQQr/wMCNU4YpHWp5hU14J2m3wHUZnGJPpmBF8YtkisxyVyQsKd1e6FyLTaGq8LOLhm6VLYHKqKNm+g==, registry: https://registry.npm.taobao.org/, tarball: https://registry.npmmirror.com/@prisma/engines/-/engines-4.5.0.tgz }
    name: '@prisma/engines'
    version: 4.5.0
    requiresBuild: true

  registry.npmmirror.com/@sindresorhus/is/5.3.0:
    resolution: { integrity: sha512-CX6t4SYQ37lzxicAqsBtxA3OseeoVrh9cSJ5PFYam0GksYlupRfy1A+Q4aYD3zvcfECLc0zO2u+ZnR2UYKvCrw==, registry: https://registry.npm.taobao.org/, tarball: https://registry.npmmirror.com/@sindresorhus/is/-/is-5.3.0.tgz }
    name: '@sindresorhus/is'
    version: 5.3.0
    engines: { node: '>=14.16' }
    dev: false

  registry.npmmirror.com/@szmarczak/http-timer/5.0.1:
    resolution: { integrity: sha512-+PmQX0PiAYPMeVYe237LJAYvOMYW1j2rH5YROyS3b4CTVJum34HfRvKvAzozHAQG0TnHNdUfY9nCeUyRAs//cw==, registry: https://registry.npm.taobao.org/, tarball: https://registry.npmmirror.com/@szmarczak/http-timer/-/http-timer-5.0.1.tgz }
    name: '@szmarczak/http-timer'
    version: 5.0.1
    engines: { node: '>=14.16' }
    dependencies:
      defer-to-connect: registry.npmmirror.com/defer-to-connect/2.0.1
    dev: false

  registry.npmmirror.com/@tsconfig/node10/1.0.9:
    resolution: { integrity: sha512-jNsYVVxU8v5g43Erja32laIDHXeoNvFEpX33OK4d6hljo3jDhCBDhx5dhCCTMWUojscpAagGiRkBKxpdl9fxqA==, registry: https://registry.npm.taobao.org/, tarball: https://registry.npmmirror.com/@tsconfig/node10/-/node10-1.0.9.tgz }
    name: '@tsconfig/node10'
    version: 1.0.9
    dev: true

  registry.npmmirror.com/@tsconfig/node12/1.0.11:
    resolution: { integrity: sha512-cqefuRsh12pWyGsIoBKJA9luFu3mRxCA+ORZvA4ktLSzIuCUtWVxGIuXigEwO5/ywWFMZ2QEGKWvkZG1zDMTag==, registry: https://registry.npm.taobao.org/, tarball: https://registry.npmmirror.com/@tsconfig/node12/-/node12-1.0.11.tgz }
    name: '@tsconfig/node12'
    version: 1.0.11
    dev: true

  registry.npmmirror.com/@tsconfig/node14/1.0.3:
    resolution: { integrity: sha512-ysT8mhdixWK6Hw3i1V2AeRqZ5WfXg1G43mqoYlM2nc6388Fq5jcXyr5mRsqViLx/GJYdoL0bfXD8nmF+Zn/Iow==, registry: https://registry.npm.taobao.org/, tarball: https://registry.npmmirror.com/@tsconfig/node14/-/node14-1.0.3.tgz }
    name: '@tsconfig/node14'
    version: 1.0.3
    dev: true

  registry.npmmirror.com/@tsconfig/node16/1.0.3:
    resolution: { integrity: sha512-yOlFc+7UtL/89t2ZhjPvvB/DeAr3r+Dq58IgzsFkOAvVC6NMJXmCGjbptdXdR9qsX7pKcTL+s87FtYREi2dEEQ==, registry: https://registry.npm.taobao.org/, tarball: https://registry.npmmirror.com/@tsconfig/node16/-/node16-1.0.3.tgz }
    name: '@tsconfig/node16'
    version: 1.0.3
    dev: true

  registry.npmmirror.com/@types/got/9.6.12:
    resolution: { integrity: sha512-X4pj/HGHbXVLqTpKjA2ahI4rV/nNBc9mGO2I/0CgAra+F2dKgMXnENv2SRpemScBzBAI4vMelIVYViQxlSE6xA==, registry: https://registry.npm.taobao.org/, tarball: https://registry.npmmirror.com/@types/got/-/got-9.6.12.tgz }
    name: '@types/got'
    version: 9.6.12
    dependencies:
      '@types/node': registry.npmmirror.com/@types/node/18.11.7
      '@types/tough-cookie': registry.npmmirror.com/@types/tough-cookie/4.0.2
      form-data: registry.npmmirror.com/form-data/2.5.1
    dev: false

  registry.npmmirror.com/@types/http-cache-semantics/4.0.1:
    resolution: { integrity: sha512-SZs7ekbP8CN0txVG2xVRH6EgKmEm31BOxA07vkFaETzZz1xh+cbt8BcI0slpymvwhx5dlFnQG2rTlPVQn+iRPQ==, registry: https://registry.npm.taobao.org/, tarball: https://registry.npmmirror.com/@types/http-cache-semantics/-/http-cache-semantics-4.0.1.tgz }
    name: '@types/http-cache-semantics'
    version: 4.0.1
    dev: false

  registry.npmmirror.com/@types/node/18.11.7:
    resolution: { integrity: sha512-LhFTglglr63mNXUSRYD8A+ZAIu5sFqNJ4Y2fPuY7UlrySJH87rRRlhtVmMHplmfk5WkoJGmDjE9oiTfyX94CpQ==, registry: https://registry.npm.taobao.org/, tarball: https://registry.npmmirror.com/@types/node/-/node-18.11.7.tgz }
    name: '@types/node'
    version: 18.11.7

  registry.npmmirror.com/@types/tough-cookie/4.0.2:
    resolution: { integrity: sha512-Q5vtl1W5ue16D+nIaW8JWebSSraJVlK+EthKn7e7UcD4KWsaSJ8BqGPXNaPghgtcn/fhvrN17Tv8ksUsQpiplw==, registry: https://registry.npm.taobao.org/, tarball: https://registry.npmmirror.com/@types/tough-cookie/-/tough-cookie-4.0.2.tgz }
    name: '@types/tough-cookie'
    version: 4.0.2
    dev: false

  registry.npmmirror.com/acorn-walk/8.2.0:
    resolution: { integrity: sha512-k+iyHEuPgSw6SbuDpGQM+06HQUa04DZ3o+F6CSzXMvvI5KMvnaEqXe+YVe555R9nn6GPt404fos4wcgpw12SDA==, registry: https://registry.npm.taobao.org/, tarball: https://registry.npmmirror.com/acorn-walk/-/acorn-walk-8.2.0.tgz }
    name: acorn-walk
    version: 8.2.0
    engines: { node: '>=0.4.0' }
    dev: true

  registry.npmmirror.com/acorn/8.8.1:
    resolution: { integrity: sha512-7zFpHzhnqYKrkYdUjF1HI1bzd0VygEGX8lFk4k5zVMqHEoES+P+7TKI+EvLO9WVMJ8eekdO0aDEK044xTXwPPA==, registry: https://registry.npm.taobao.org/, tarball: https://registry.npmmirror.com/acorn/-/acorn-8.8.1.tgz }
    name: acorn
    version: 8.8.1
    engines: { node: '>=0.4.0' }
    hasBin: true
    dev: true

  registry.npmmirror.com/arg/4.1.3:
    resolution: { integrity: sha512-58S9QDqG0Xx27YwPSt9fJxivjYl432YCwfDMfZ+71RAqUrZef7LrKQZ3LHLOwCS4FLNBplP533Zx895SeOCHvA==, registry: https://registry.npm.taobao.org/, tarball: https://registry.npmmirror.com/arg/-/arg-4.1.3.tgz }
    name: arg
    version: 4.1.3
    dev: true

  registry.npmmirror.com/asynckit/0.4.0:
    resolution: { integrity: sha512-Oei9OH4tRh0YqU3GxhX79dM/mwVgvbZJaSNaRk+bshkj0S5cfHcgYakreBjrHwatXKbz+IoIdYLxrKim2MjW0Q==, registry: https://registry.npm.taobao.org/, tarball: https://registry.npmmirror.com/asynckit/-/asynckit-0.4.0.tgz }
    name: asynckit
    version: 0.4.0
    dev: false

  registry.npmmirror.com/axios/0.27.2:
    resolution: { integrity: sha512-t+yRIyySRTp/wua5xEr+z1q60QmLq8ABsS5O9Me1AsE5dfKqgnCFzwiCZZ/cGNd1lq4/7akDWMxdhVlucjmnOQ==, registry: https://registry.npm.taobao.org/, tarball: https://registry.npmmirror.com/axios/-/axios-0.27.2.tgz }
    name: axios
    version: 0.27.2
    dependencies:
      follow-redirects: registry.npmmirror.com/follow-redirects/1.15.2
      form-data: registry.npmmirror.com/form-data/4.0.0
    transitivePeerDependencies:
      - debug
    dev: false

  registry.npmmirror.com/cacheable-lookup/7.0.0:
    resolution: { integrity: sha512-+qJyx4xiKra8mZrcwhjMRMUhD5NR1R8esPkzIYxX96JiecFoxAXFuz/GpR3+ev4PE1WamHip78wV0vcmPQtp8w==, registry: https://registry.npm.taobao.org/, tarball: https://registry.npmmirror.com/cacheable-lookup/-/cacheable-lookup-7.0.0.tgz }
    name: cacheable-lookup
    version: 7.0.0
    engines: { node: '>=14.16' }
    dev: false

  registry.npmmirror.com/cacheable-request/10.2.2:
    resolution: { integrity: sha512-KxjQZM3UIo7/J6W4sLpwFvu1GB3Whv8NtZ8ZrUL284eiQjiXeeqWTdhixNrp/NLZ/JNuFBo6BD4ZaO8ZJ5BN8Q==, registry: https://registry.npm.taobao.org/, tarball: https://registry.npmmirror.com/cacheable-request/-/cacheable-request-10.2.2.tgz }
    name: cacheable-request
    version: 10.2.2
    engines: { node: '>=14.16' }
    dependencies:
      '@types/http-cache-semantics': registry.npmmirror.com/@types/http-cache-semantics/4.0.1
      get-stream: registry.npmmirror.com/get-stream/6.0.1
      http-cache-semantics: registry.npmmirror.com/http-cache-semantics/4.1.0
      keyv: registry.npmmirror.com/keyv/4.5.0
      mimic-response: registry.npmmirror.com/mimic-response/4.0.0
      normalize-url: registry.npmmirror.com/normalize-url/7.2.0
      responselike: registry.npmmirror.com/responselike/3.0.0
    dev: false

  registry.npmmirror.com/combined-stream/1.0.8:
    resolution: { integrity: sha512-FQN4MRfuJeHf7cBbBMJFXhKSDq+2kAArBlmRBvcvFE5BB1HZKXtSFASDhdlz9zOYwxh8lDdnvmMOe/+5cdoEdg==, registry: https://registry.npm.taobao.org/, tarball: https://registry.npmmirror.com/combined-stream/-/combined-stream-1.0.8.tgz }
    name: combined-stream
    version: 1.0.8
    engines: { node: '>= 0.8' }
    dependencies:
      delayed-stream: registry.npmmirror.com/delayed-stream/1.0.0
    dev: false

  registry.npmmirror.com/create-require/1.1.1:
    resolution: { integrity: sha512-dcKFX3jn0MpIaXjisoRvexIJVEKzaq7z2rZKxf+MSr9TkdmHmsU4m2lcLojrj/FHl8mk5VxMmYA+ftRkP/3oKQ==, registry: https://registry.npm.taobao.org/, tarball: https://registry.npmmirror.com/create-require/-/create-require-1.1.1.tgz }
    name: create-require
    version: 1.1.1
    dev: true

  registry.npmmirror.com/date-format/4.0.14:
    resolution: { integrity: sha512-39BOQLs9ZjKh0/patS9nrT8wc3ioX3/eA/zgbKNopnF2wCqJEoxywwwElATYvRsXdnOxA/OQeQoFZ3rFjVajhg==, registry: https://registry.npm.taobao.org/, tarball: https://registry.npmmirror.com/date-format/-/date-format-4.0.14.tgz }
    name: date-format
    version: 4.0.14
    engines: { node: '>=4.0' }
    dev: false

  registry.npmmirror.com/debug/2.6.9:
    resolution: { integrity: sha512-bC7ElrdJaJnPbAP+1EotYvqZsb3ecl5wi6Bfi6BJTUcNowp6cvspg0jXznRTKDjm/E7AdgFBVeAPVMNcKGsHMA==, registry: https://registry.npm.taobao.org/, tarball: https://registry.npmmirror.com/debug/-/debug-2.6.9.tgz }
    name: debug
    version: 2.6.9
    peerDependencies:
      supports-color: '*'
    peerDependenciesMeta:
      supports-color:
        optional: true
    dependencies:
      ms: registry.npmmirror.com/ms/2.0.0
    dev: false

  registry.npmmirror.com/debug/3.2.7:
    resolution: { integrity: sha512-CFjzYYAi4ThfiQvizrFQevTTXHtnCqWfe7x1AhgEscTz6ZbLbfoLRLPugTQyBth6f8ZERVUSyWHFD/7Wu4t1XQ==, registry: https://registry.npm.taobao.org/, tarball: https://registry.npmmirror.com/debug/-/debug-3.2.7.tgz }
    name: debug
    version: 3.2.7
    peerDependencies:
      supports-color: '*'
    peerDependenciesMeta:
      supports-color:
        optional: true
    dependencies:
      ms: registry.npmmirror.com/ms/2.1.3
    dev: false

  registry.npmmirror.com/debug/4.3.4:
    resolution: { integrity: sha512-PRWFHuSU3eDtQJPvnNY7Jcket1j0t5OuOsFzPPzsekD52Zl8qUfFIPEiswXqIvHWGVHOgX+7G/vCNNhehwxfkQ==, registry: https://registry.npm.taobao.org/, tarball: https://registry.npmmirror.com/debug/-/debug-4.3.4.tgz }
    name: debug
    version: 4.3.4
    engines: { node: '>=6.0' }
    peerDependencies:
      supports-color: '*'
    peerDependenciesMeta:
      supports-color:
        optional: true
    dependencies:
      ms: registry.npmmirror.com/ms/2.1.2
    dev: false

  registry.npmmirror.com/decompress-response/6.0.0:
    resolution: { integrity: sha512-aW35yZM6Bb/4oJlZncMH2LCoZtJXTRxES17vE3hoRiowU2kWHaJKFkSBDnDR+cm9J+9QhXmREyIfv0pji9ejCQ==, registry: https://registry.npm.taobao.org/, tarball: https://registry.npmmirror.com/decompress-response/-/decompress-response-6.0.0.tgz }
    name: decompress-response
    version: 6.0.0
    engines: { node: '>=10' }
    dependencies:
      mimic-response: registry.npmmirror.com/mimic-response/3.1.0
    dev: false

  registry.npmmirror.com/defer-to-connect/2.0.1:
    resolution: { integrity: sha512-4tvttepXG1VaYGrRibk5EwJd1t4udunSOVMdLSAL6mId1ix438oPwPZMALY41FCijukO1L0twNcGsdzS7dHgDg==, registry: https://registry.npm.taobao.org/, tarball: https://registry.npmmirror.com/defer-to-connect/-/defer-to-connect-2.0.1.tgz }
    name: defer-to-connect
    version: 2.0.1
    engines: { node: '>=10' }
    dev: false

  registry.npmmirror.com/delayed-stream/1.0.0:
    resolution: { integrity: sha512-ZySD7Nf91aLB0RxL4KGrKHBXl7Eds1DAmEdcoVawXnLD7SDhpNgtuII2aAkg7a7QS41jxPSZ17p4VdGnMHk3MQ==, registry: https://registry.npm.taobao.org/, tarball: https://registry.npmmirror.com/delayed-stream/-/delayed-stream-1.0.0.tgz }
    name: delayed-stream
    version: 1.0.0
    engines: { node: '>=0.4.0' }
    dev: false

  registry.npmmirror.com/diff/4.0.2:
    resolution: { integrity: sha512-58lmxKSA4BNyLz+HHMUzlOEpg09FV+ev6ZMe3vJihgdxzgcwZ8VoEEPmALCZG9LmqfVoNMMKpttIYTVG6uDY7A==, registry: https://registry.npm.taobao.org/, tarball: https://registry.npmmirror.com/diff/-/diff-4.0.2.tgz }
    name: diff
    version: 4.0.2
    engines: { node: '>=0.3.1' }
    dev: true

  registry.npmmirror.com/flatted/3.2.7:
    resolution: { integrity: sha512-5nqDSxl8nn5BSNxyR3n4I6eDmbolI6WT+QqR547RwxQapgjQBmtktdP+HTBb/a/zLsbzERTONyUB5pefh5TtjQ==, registry: https://registry.npm.taobao.org/, tarball: https://registry.npmmirror.com/flatted/-/flatted-3.2.7.tgz }
    name: flatted
    version: 3.2.7
    dev: false

  registry.npmmirror.com/follow-redirects/1.15.2:
    resolution: { integrity: sha512-VQLG33o04KaQ8uYi2tVNbdrWp1QWxNNea+nmIB4EVM28v0hmP17z7aG1+wAkNzVq4KeXTq3221ye5qTJP91JwA==, registry: https://registry.npm.taobao.org/, tarball: https://registry.npmmirror.com/follow-redirects/-/follow-redirects-1.15.2.tgz }
    name: follow-redirects
    version: 1.15.2
    engines: { node: '>=4.0' }
    peerDependencies:
      debug: '*'
    peerDependenciesMeta:
      debug:
        optional: true
    dev: false

  registry.npmmirror.com/form-data-encoder/2.1.3:
    resolution: { integrity: sha512-KqU0nnPMgIJcCOFTNJFEA8epcseEaoox4XZffTgy8jlI6pL/5EFyR54NRG7CnCJN0biY7q52DO3MH6/sJ/TKlQ==, registry: https://registry.npm.taobao.org/, tarball: https://registry.npmmirror.com/form-data-encoder/-/form-data-encoder-2.1.3.tgz }
    name: form-data-encoder
    version: 2.1.3
    engines: { node: '>= 14.17' }
    dev: false

  registry.npmmirror.com/form-data/2.5.1:
    resolution: { integrity: sha512-m21N3WOmEEURgk6B9GLOE4RuWOFf28Lhh9qGYeNlGq4VDXUlJy2th2slBNU8Gp8EzloYZOibZJ7t5ecIrFSjVA==, registry: https://registry.npm.taobao.org/, tarball: https://registry.npmmirror.com/form-data/-/form-data-2.5.1.tgz }
    name: form-data
    version: 2.5.1
    engines: { node: '>= 0.12' }
    dependencies:
      asynckit: registry.npmmirror.com/asynckit/0.4.0
      combined-stream: registry.npmmirror.com/combined-stream/1.0.8
      mime-types: registry.npmmirror.com/mime-types/2.1.35
    dev: false

  registry.npmmirror.com/form-data/4.0.0:
    resolution: { integrity: sha512-ETEklSGi5t0QMZuiXoA/Q6vcnxcLQP5vdugSpuAyi6SVGi2clPPp+xgEhuMaHC+zGgn31Kd235W35f7Hykkaww==, registry: https://registry.npm.taobao.org/, tarball: https://registry.npmmirror.com/form-data/-/form-data-4.0.0.tgz }
    name: form-data
    version: 4.0.0
    engines: { node: '>= 6' }
    dependencies:
      asynckit: registry.npmmirror.com/asynckit/0.4.0
      combined-stream: registry.npmmirror.com/combined-stream/1.0.8
      mime-types: registry.npmmirror.com/mime-types/2.1.35
    dev: false

  registry.npmmirror.com/fs-extra/8.1.0:
    resolution: { integrity: sha512-yhlQgA6mnOJUKOsRUFsgJdQCvkKhcz8tlZG5HBQfReYZy46OwLcY+Zia0mtdHsOo9y/hP+CxMN0TU9QxoOtG4g==, registry: https://registry.npm.taobao.org/, tarball: https://registry.npmmirror.com/fs-extra/-/fs-extra-8.1.0.tgz }
    name: fs-extra
    version: 8.1.0
    engines: { node: '>=6 <7 || >=8' }
    dependencies:
      graceful-fs: registry.npmmirror.com/graceful-fs/4.2.10
      jsonfile: registry.npmmirror.com/jsonfile/4.0.0
      universalify: registry.npmmirror.com/universalify/0.1.2
    dev: false

  registry.npmmirror.com/get-stream/6.0.1:
    resolution: { integrity: sha512-ts6Wi+2j3jQjqi70w5AlN8DFnkSwC+MqmxEzdEALB2qXZYV3X/b1CTfgPLGJNMeAWxdPfU8FO1ms3NUfaHCPYg==, registry: https://registry.npm.taobao.org/, tarball: https://registry.npmmirror.com/get-stream/-/get-stream-6.0.1.tgz }
    name: get-stream
    version: 6.0.1
    engines: { node: '>=10' }
    dev: false

  registry.npmmirror.com/got/12.5.2:
    resolution: { integrity: sha512-guHGMSEcsA5m1oPRweXUJnug0vuvlkX9wx5hzOka+ZBrBUOJHU0Z1JcNu3QE5IPGnA5aXUsQHdWOD4eJg9/v3A==, registry: https://registry.npm.taobao.org/, tarball: https://registry.npmmirror.com/got/-/got-12.5.2.tgz }
    name: got
    version: 12.5.2
    engines: { node: '>=14.16' }
    dependencies:
      '@sindresorhus/is': registry.npmmirror.com/@sindresorhus/is/5.3.0
      '@szmarczak/http-timer': registry.npmmirror.com/@szmarczak/http-timer/5.0.1
      cacheable-lookup: registry.npmmirror.com/cacheable-lookup/7.0.0
      cacheable-request: registry.npmmirror.com/cacheable-request/10.2.2
      decompress-response: registry.npmmirror.com/decompress-response/6.0.0
      form-data-encoder: registry.npmmirror.com/form-data-encoder/2.1.3
      get-stream: registry.npmmirror.com/get-stream/6.0.1
      http2-wrapper: registry.npmmirror.com/http2-wrapper/2.1.11
      lowercase-keys: registry.npmmirror.com/lowercase-keys/3.0.0
      p-cancelable: registry.npmmirror.com/p-cancelable/3.0.0
      responselike: registry.npmmirror.com/responselike/3.0.0
    dev: false

  registry.npmmirror.com/graceful-fs/4.2.10:
    resolution: { integrity: sha512-9ByhssR2fPVsNZj478qUUbKfmL0+t5BDVyjShtyZZLiK7ZDAArFFfopyOTj0M05wE2tJPisA4iTnnXl2YoPvOA==, registry: https://registry.npm.taobao.org/, tarball: https://registry.npmmirror.com/graceful-fs/-/graceful-fs-4.2.10.tgz }
    name: graceful-fs
    version: 4.2.10
    dev: false

  registry.npmmirror.com/http-cache-semantics/4.1.0:
    resolution: { integrity: sha512-carPklcUh7ROWRK7Cv27RPtdhYhUsela/ue5/jKzjegVvXDqM2ILE9Q2BGn9JZJh1g87cp56su/FgQSzcWS8cQ==, registry: https://registry.npm.taobao.org/, tarball: https://registry.npmmirror.com/http-cache-semantics/-/http-cache-semantics-4.1.0.tgz }
    name: http-cache-semantics
    version: 4.1.0
    dev: false

  registry.npmmirror.com/http2-wrapper/2.1.11:
    resolution: { integrity: sha512-aNAk5JzLturWEUiuhAN73Jcbq96R7rTitAoXV54FYMatvihnpD2+6PUgU4ce3D/m5VDbw+F5CsyKSF176ptitQ==, registry: https://registry.npm.taobao.org/, tarball: https://registry.npmmirror.com/http2-wrapper/-/http2-wrapper-2.1.11.tgz }
    name: http2-wrapper
    version: 2.1.11
    engines: { node: '>=10.19.0' }
    dependencies:
      quick-lru: registry.npmmirror.com/quick-lru/5.1.1
      resolve-alpn: registry.npmmirror.com/resolve-alpn/1.2.1
    dev: false

  registry.npmmirror.com/iconv-lite/0.4.24:
    resolution: { integrity: sha512-v3MXnZAcvnywkTUEZomIActle7RXXeedOR31wwl7VlyoXO4Qi9arvSenNQWne1TcRwhCL1HwLI21bEqdpj8/rA==, registry: https://registry.npm.taobao.org/, tarball: https://registry.npmmirror.com/iconv-lite/-/iconv-lite-0.4.24.tgz }
    name: iconv-lite
    version: 0.4.24
    engines: { node: '>=0.10.0' }
    dependencies:
      safer-buffer: registry.npmmirror.com/safer-buffer/2.1.2
    dev: false

  registry.npmmirror.com/json-buffer/3.0.1:
    resolution: { integrity: sha512-4bV5BfR2mqfQTJm+V5tPPdf+ZpuhiIvTuAB5g8kcrXOZpTT/QwwVRWBywX1ozr6lEuPdbHxwaJlm9G6mI2sfSQ==, registry: https://registry.npm.taobao.org/, tarball: https://registry.npmmirror.com/json-buffer/-/json-buffer-3.0.1.tgz }
    name: json-buffer
    version: 3.0.1
    dev: false

  registry.npmmirror.com/jsonfile/4.0.0:
    resolution: { integrity: sha512-m6F1R3z8jjlf2imQHS2Qez5sjKWQzbuuhuJ/FKYFRZvPE3PuHcSMVZzfsLhGVOkfd20obL5SWEBew5ShlquNxg==, registry: https://registry.npm.taobao.org/, tarball: https://registry.npmmirror.com/jsonfile/-/jsonfile-4.0.0.tgz }
    name: jsonfile
    version: 4.0.0
    optionalDependencies:
      graceful-fs: registry.npmmirror.com/graceful-fs/4.2.10
    dev: false

  registry.npmmirror.com/keyv/4.5.0:
    resolution: { integrity: sha512-2YvuMsA+jnFGtBareKqgANOEKe1mk3HKiXu2fRmAfyxG0MJAywNhi5ttWA3PMjl4NmpyjZNbFifR2vNjW1znfA==, registry: https://registry.npm.taobao.org/, tarball: https://registry.npmmirror.com/keyv/-/keyv-4.5.0.tgz }
    name: keyv
    version: 4.5.0
    dependencies:
      json-buffer: registry.npmmirror.com/json-buffer/3.0.1
    dev: false

  registry.npmmirror.com/lodash.merge/4.6.2:
    resolution: { integrity: sha512-0KpjqXRVvrYyCsX1swR/XTK0va6VQkQM6MNo7PqW77ByjAhoARA8EfrP1N4+KlKj8YS0ZUCtRT/YUuhyYDujIQ==, registry: https://registry.npm.taobao.org/, tarball: https://registry.npmmirror.com/lodash.merge/-/lodash.merge-4.6.2.tgz }
    name: lodash.merge
    version: 4.6.2
    dev: false

  registry.npmmirror.com/log4js/6.7.0:
    resolution: { integrity: sha512-KA0W9ffgNBLDj6fZCq/lRbgR6ABAodRIDHrZnS48vOtfKa4PzWImb0Md1lmGCdO3n3sbCm/n1/WmrNlZ8kCI3Q==, registry: https://registry.npm.taobao.org/, tarball: https://registry.npmmirror.com/log4js/-/log4js-6.7.0.tgz }
    name: log4js
    version: 6.7.0
    engines: { node: '>=8.0' }
    dependencies:
      date-format: registry.npmmirror.com/date-format/4.0.14
      debug: registry.npmmirror.com/debug/4.3.4
      flatted: registry.npmmirror.com/flatted/3.2.7
      rfdc: registry.npmmirror.com/rfdc/1.3.0
      streamroller: registry.npmmirror.com/streamroller/3.1.3
    transitivePeerDependencies:
      - supports-color
    dev: false

  registry.npmmirror.com/long/4.0.0:
    resolution: { integrity: sha512-XsP+KhQif4bjX1kbuSiySJFNAehNxgLb6hPRGJ9QsUr8ajHkuXGdrHmFUTUUXhDwVX2R5bY4JNZEwbUiMhV+MA==, registry: https://registry.npm.taobao.org/, tarball: https://registry.npmmirror.com/long/-/long-4.0.0.tgz }
    name: long
    version: 4.0.0
    dev: false

  registry.npmmirror.com/lowercase-keys/3.0.0:
    resolution: { integrity: sha512-ozCC6gdQ+glXOQsveKD0YsDy8DSQFjDTz4zyzEHNV5+JP5D62LmfDZ6o1cycFx9ouG940M5dE8C8CTewdj2YWQ==, registry: https://registry.npm.taobao.org/, tarball: https://registry.npmmirror.com/lowercase-keys/-/lowercase-keys-3.0.0.tgz }
    name: lowercase-keys
    version: 3.0.0
    engines: { node: ^12.20.0 || ^14.13.1 || >=16.0.0 }
    dev: false

  registry.npmmirror.com/make-error/1.3.6:
    resolution: { integrity: sha512-s8UhlNe7vPKomQhC1qFelMokr/Sc3AgNbso3n74mVPA5LTZwkB9NlXf4XPamLxJE8h0gh73rM94xvwRT2CVInw==, registry: https://registry.npm.taobao.org/, tarball: https://registry.npmmirror.com/make-error/-/make-error-1.3.6.tgz }
    name: make-error
    version: 1.3.6
    dev: true

  registry.npmmirror.com/mime-db/1.52.0:
    resolution: { integrity: sha512-sPU4uV7dYlvtWJxwwxHD0PuihVNiE7TyAbQ5SWxDCB9mUYvOgroQOwYQQOKPJ8CIbE+1ETVlOoK1UC2nU3gYvg==, registry: https://registry.npm.taobao.org/, tarball: https://registry.npmmirror.com/mime-db/-/mime-db-1.52.0.tgz }
    name: mime-db
    version: 1.52.0
    engines: { node: '>= 0.6' }
    dev: false

  registry.npmmirror.com/mime-types/2.1.35:
    resolution: { integrity: sha512-ZDY+bPm5zTTF+YpCrAU9nK0UgICYPT0QtT1NZWFv4s++TNkcgVaT0g6+4R2uI4MjQjzysHB1zxuWL50hzaeXiw==, registry: https://registry.npm.taobao.org/, tarball: https://registry.npmmirror.com/mime-types/-/mime-types-2.1.35.tgz }
    name: mime-types
    version: 2.1.35
    engines: { node: '>= 0.6' }
    dependencies:
      mime-db: registry.npmmirror.com/mime-db/1.52.0
    dev: false

  registry.npmmirror.com/mimic-response/3.1.0:
    resolution: { integrity: sha512-z0yWI+4FDrrweS8Zmt4Ej5HdJmky15+L2e6Wgn3+iK5fWzb6T3fhNFq2+MeTRb064c6Wr4N/wv0DzQTjNzHNGQ==, registry: https://registry.npm.taobao.org/, tarball: https://registry.npmmirror.com/mimic-response/-/mimic-response-3.1.0.tgz }
    name: mimic-response
    version: 3.1.0
    engines: { node: '>=10' }
    dev: false

  registry.npmmirror.com/mimic-response/4.0.0:
    resolution: { integrity: sha512-e5ISH9xMYU0DzrT+jl8q2ze9D6eWBto+I8CNpe+VI+K2J/F/k3PdkdTdz4wvGVH4NTpo+NRYTVIuMQEMMcsLqg==, registry: https://registry.npm.taobao.org/, tarball: https://registry.npmmirror.com/mimic-response/-/mimic-response-4.0.0.tgz }
    name: mimic-response
    version: 4.0.0
    engines: { node: ^12.20.0 || ^14.13.1 || >=16.0.0 }
    dev: false

  registry.npmmirror.com/ms/2.0.0:
    resolution: { integrity: sha512-Tpp60P6IUJDTuOq/5Z8cdskzJujfwqfOTkrwIwj7IRISpnkJnT6SyJ4PCPnGMoFjC9ddhal5KVIYtAt97ix05A==, registry: https://registry.npm.taobao.org/, tarball: https://registry.npmmirror.com/ms/-/ms-2.0.0.tgz }
    name: ms
    version: 2.0.0
    dev: false

  registry.npmmirror.com/ms/2.1.2:
    resolution: { integrity: sha512-sGkPx+VjMtmA6MX27oA4FBFELFCZZ4S4XqeGOXCv68tT+jb3vk/RyaKWP0PTKyWtmLSM0b+adUTEvbs1PEaH2w==, registry: https://registry.npm.taobao.org/, tarball: https://registry.npmmirror.com/ms/-/ms-2.1.2.tgz }
    name: ms
    version: 2.1.2
    dev: false

  registry.npmmirror.com/ms/2.1.3:
    resolution: { integrity: sha512-6FlzubTLZG3J2a/NVCAleEhjzq5oxgHyaCU9yYXvcLsvoVaHJq/s5xXI6/XXP6tz7R9xAOtHnSO/tXtF3WRTlA==, registry: https://registry.npm.taobao.org/, tarball: https://registry.npmmirror.com/ms/-/ms-2.1.3.tgz }
    name: ms
    version: 2.1.3
    dev: false

  registry.npmmirror.com/needle/2.9.1:
    resolution: { integrity: sha512-6R9fqJ5Zcmf+uYaFgdIHmLwNldn5HbK8L5ybn7Uz+ylX/rnOsSp1AHcvQSrCaFN+qNM1wpymHqD7mVasEOlHGQ==, registry: https://registry.npm.taobao.org/, tarball: https://registry.npmmirror.com/needle/-/needle-2.9.1.tgz }
    name: needle
    version: 2.9.1
    engines: { node: '>= 4.4.x' }
    hasBin: true
    dependencies:
      debug: registry.npmmirror.com/debug/3.2.7
      iconv-lite: registry.npmmirror.com/iconv-lite/0.4.24
      sax: registry.npmmirror.com/sax/1.2.4
    transitivePeerDependencies:
      - supports-color
    dev: false

  registry.npmmirror.com/normalize-url/7.2.0:
    resolution: { integrity: sha512-uhXOdZry0L6M2UIo9BTt7FdpBDiAGN/7oItedQwPKh8jh31ZlvC8U9Xl/EJ3aijDHaywXTW3QbZ6LuCocur1YA==, registry: https://registry.npm.taobao.org/, tarball: https://registry.npmmirror.com/normalize-url/-/normalize-url-7.2.0.tgz }
    name: normalize-url
    version: 7.2.0
    engines: { node: '>=12.20' }
    dev: false

  registry.npmmirror.com/oicq/2.3.1:
    resolution: { integrity: sha512-mRw/GgdRKFMylnrlnnywzCIwvad6fF5E4WZfIlval070wEc3w9yMV49i9epFltWkU/JGNMDS4t5wWdZEYzW0EQ==, registry: https://registry.npm.taobao.org/, tarball: https://registry.npmmirror.com/oicq/-/oicq-2.3.1.tgz }
    name: oicq
    version: 2.3.1
    engines: { node: '>= v14' }
    dependencies:
      axios: registry.npmmirror.com/axios/0.27.2
      log4js: registry.npmmirror.com/log4js/6.7.0
      long: registry.npmmirror.com/long/4.0.0
      pngjs: registry.npmmirror.com/pngjs/6.0.0
      probe-image-size: registry.npmmirror.com/probe-image-size/7.2.3
    transitivePeerDependencies:
      - debug
      - supports-color
    dev: false

  registry.npmmirror.com/p-cancelable/3.0.0:
    resolution: { integrity: sha512-mlVgR3PGuzlo0MmTdk4cXqXWlwQDLnONTAg6sm62XkMJEiRxN3GL3SffkYvqwonbkJBcrI7Uvv5Zh9yjvn2iUw==, registry: https://registry.npm.taobao.org/, tarball: https://registry.npmmirror.com/p-cancelable/-/p-cancelable-3.0.0.tgz }
    name: p-cancelable
    version: 3.0.0
    engines: { node: '>=12.20' }
    dev: false

  registry.npmmirror.com/pngjs/6.0.0:
    resolution: { integrity: sha512-TRzzuFRRmEoSW/p1KVAmiOgPco2Irlah+bGFCeNfJXxxYGwSw7YwAOAcd7X28K/m5bjBWKsC29KyoMfHbypayg==, registry: https://registry.npm.taobao.org/, tarball: https://registry.npmmirror.com/pngjs/-/pngjs-6.0.0.tgz }
    name: pngjs
    version: 6.0.0
    engines: { node: '>=12.13.0' }
    dev: false

  registry.npmmirror.com/prisma/4.5.0:
    resolution: { integrity: sha512-9Aeg4qiKlv9Wsjz4NO8k2CzRzlvS3A4FYVJ5+28sBBZ0eEwbiVOE/Jj7v6rZC1tFW2s4GSICQOAyuOjc6WsNew==, registry: https://registry.npm.taobao.org/, tarball: https://registry.npmmirror.com/prisma/-/prisma-4.5.0.tgz }
    name: prisma
    version: 4.5.0
    engines: { node: '>=14.17' }
    hasBin: true
    requiresBuild: true
    dependencies:
      '@prisma/engines': registry.npmmirror.com/@prisma/engines/4.5.0

  registry.npmmirror.com/probe-image-size/7.2.3:
    resolution: { integrity: sha512-HubhG4Rb2UH8YtV4ba0Vp5bQ7L78RTONYu/ujmCu5nBI8wGv24s4E9xSKBi0N1MowRpxk76pFCpJtW0KPzOK0w==, registry: https://registry.npm.taobao.org/, tarball: https://registry.npmmirror.com/probe-image-size/-/probe-image-size-7.2.3.tgz }
    name: probe-image-size
    version: 7.2.3
    dependencies:
      lodash.merge: registry.npmmirror.com/lodash.merge/4.6.2
      needle: registry.npmmirror.com/needle/2.9.1
      stream-parser: registry.npmmirror.com/stream-parser/0.3.1
    transitivePeerDependencies:
      - supports-color
    dev: false

  registry.npmmirror.com/quick-lru/5.1.1:
    resolution: { integrity: sha512-WuyALRjWPDGtt/wzJiadO5AXY+8hZ80hVpe6MyivgraREW751X3SbhRvG3eLKOYN+8VEvqLcf3wdnt44Z4S4SA==, registry: https://registry.npm.taobao.org/, tarball: https://registry.npmmirror.com/quick-lru/-/quick-lru-5.1.1.tgz }
    name: quick-lru
    version: 5.1.1
    engines: { node: '>=10' }
    dev: false

  registry.npmmirror.com/reflect-metadata/0.1.13:
    resolution: { integrity: sha512-Ts1Y/anZELhSsjMcU605fU9RE4Oi3p5ORujwbIKXfWa+0Zxs510Qrmrce5/Jowq3cHSZSJqBjypxmHarc+vEWg==, registry: https://registry.npm.taobao.org/, tarball: https://registry.npmmirror.com/reflect-metadata/-/reflect-metadata-0.1.13.tgz }
    name: reflect-metadata
    version: 0.1.13
    dev: false

  registry.npmmirror.com/resolve-alpn/1.2.1:
    resolution: { integrity: sha512-0a1F4l73/ZFZOakJnQ3FvkJ2+gSTQWz/r2KE5OdDY0TxPm5h4GkqkWWfM47T7HsbnOtcJVEF4epCVy6u7Q3K+g==, registry: https://registry.npm.taobao.org/, tarball: https://registry.npmmirror.com/resolve-alpn/-/resolve-alpn-1.2.1.tgz }
    name: resolve-alpn
    version: 1.2.1
    dev: false

  registry.npmmirror.com/responselike/3.0.0:
    resolution: { integrity: sha512-40yHxbNcl2+rzXvZuVkrYohathsSJlMTXKryG5y8uciHv1+xDLHQpgjG64JUO9nrEq2jGLH6IZ8BcZyw3wrweg==, registry: https://registry.npm.taobao.org/, tarball: https://registry.npmmirror.com/responselike/-/responselike-3.0.0.tgz }
    name: responselike
    version: 3.0.0
    engines: { node: '>=14.16' }
    dependencies:
      lowercase-keys: registry.npmmirror.com/lowercase-keys/3.0.0
    dev: false

  registry.npmmirror.com/rfdc/1.3.0:
    resolution: { integrity: sha512-V2hovdzFbOi77/WajaSMXk2OLm+xNIeQdMMuB7icj7bk6zi2F8GGAxigcnDFpJHbNyNcgyJDiP+8nOrY5cZGrA==, registry: https://registry.npm.taobao.org/, tarball: https://registry.npmmirror.com/rfdc/-/rfdc-1.3.0.tgz }
    name: rfdc
    version: 1.3.0
    dev: false

  registry.npmmirror.com/safer-buffer/2.1.2:
    resolution: { integrity: sha512-YZo3K82SD7Riyi0E1EQPojLz7kpepnSQI9IyPbHHg1XXXevb5dJI7tpyN2ADxGcQbHG7vcyRHk0cbwqcQriUtg==, registry: https://registry.npm.taobao.org/, tarball: https://registry.npmmirror.com/safer-buffer/-/safer-buffer-2.1.2.tgz }
    name: safer-buffer
    version: 2.1.2
    dev: false

  registry.npmmirror.com/sax/1.2.4:
    resolution: { integrity: sha512-NqVDv9TpANUjFm0N8uM5GxL36UgKi9/atZw+x7YFnQ8ckwFGKrl4xX4yWtrey3UJm5nP1kUbnYgLopqWNSRhWw==, registry: https://registry.npm.taobao.org/, tarball: https://registry.npmmirror.com/sax/-/sax-1.2.4.tgz }
    name: sax
    version: 1.2.4
    dev: false

  registry.npmmirror.com/stream-parser/0.3.1:
    resolution: { integrity: sha512-bJ/HgKq41nlKvlhccD5kaCr/P+Hu0wPNKPJOH7en+YrJu/9EgqUF+88w5Jb6KNcjOFMhfX4B2asfeAtIGuHObQ==, registry: https://registry.npm.taobao.org/, tarball: https://registry.npmmirror.com/stream-parser/-/stream-parser-0.3.1.tgz }
    name: stream-parser
    version: 0.3.1
    dependencies:
      debug: registry.npmmirror.com/debug/2.6.9
    transitivePeerDependencies:
      - supports-color
    dev: false

  registry.npmmirror.com/streamroller/3.1.3:
    resolution: { integrity: sha512-CphIJyFx2SALGHeINanjFRKQ4l7x2c+rXYJ4BMq0gd+ZK0gi4VT8b+eHe2wi58x4UayBAKx4xtHpXT/ea1cz8w==, registry: https://registry.npm.taobao.org/, tarball: https://registry.npmmirror.com/streamroller/-/streamroller-3.1.3.tgz }
    name: streamroller
    version: 3.1.3
    engines: { node: '>=8.0' }
    dependencies:
      date-format: registry.npmmirror.com/date-format/4.0.14
      debug: registry.npmmirror.com/debug/4.3.4
      fs-extra: registry.npmmirror.com/fs-extra/8.1.0
    transitivePeerDependencies:
      - supports-color
    dev: false

  registry.npmmirror.com/ts-node/10.9.1_evej5wzm4hojmu6uzxwpspdmsu:
    resolution: { integrity: sha512-NtVysVPkxxrwFGUUxGYhfux8k78pQB3JqYBXlLRZgdGUqTO5wU/UyHop5p70iEbGhB7q5KmiZiU0Y3KlJrScEw==, registry: https://registry.npm.taobao.org/, tarball: https://registry.npmmirror.com/ts-node/-/ts-node-10.9.1.tgz }
    id: registry.npmmirror.com/ts-node/10.9.1
    name: ts-node
    version: 10.9.1
    hasBin: true
    peerDependencies:
      '@swc/core': '>=1.2.50'
      '@swc/wasm': '>=1.2.50'
      '@types/node': '*'
      typescript: '>=2.7'
    peerDependenciesMeta:
      '@swc/core':
        optional: true
      '@swc/wasm':
        optional: true
    dependencies:
      '@cspotcode/source-map-support': registry.npmmirror.com/@cspotcode/source-map-support/0.8.1
      '@tsconfig/node10': registry.npmmirror.com/@tsconfig/node10/1.0.9
      '@tsconfig/node12': registry.npmmirror.com/@tsconfig/node12/1.0.11
      '@tsconfig/node14': registry.npmmirror.com/@tsconfig/node14/1.0.3
      '@tsconfig/node16': registry.npmmirror.com/@tsconfig/node16/1.0.3
      '@types/node': registry.npmmirror.com/@types/node/18.11.7
      acorn: registry.npmmirror.com/acorn/8.8.1
      acorn-walk: registry.npmmirror.com/acorn-walk/8.2.0
      arg: registry.npmmirror.com/arg/4.1.3
      create-require: registry.npmmirror.com/create-require/1.1.1
      diff: registry.npmmirror.com/diff/4.0.2
      make-error: registry.npmmirror.com/make-error/1.3.6
      typescript: registry.npmmirror.com/typescript/4.8.4
      v8-compile-cache-lib: registry.npmmirror.com/v8-compile-cache-lib/3.0.1
      yn: registry.npmmirror.com/yn/3.1.1
    dev: true

  registry.npmmirror.com/typescript/4.8.4:
    resolution: { integrity: sha512-QCh+85mCy+h0IGff8r5XWzOVSbBO+KfeYrMQh7NJ58QujwcE22u+NUSmUxqF+un70P9GXKxa2HCNiTTMJknyjQ==, registry: https://registry.npm.taobao.org/, tarball: https://registry.npmmirror.com/typescript/-/typescript-4.8.4.tgz }
    name: typescript
    version: 4.8.4
    engines: { node: '>=4.2.0' }
    hasBin: true
    dev: true

  registry.npmmirror.com/universalify/0.1.2:
    resolution: { integrity: sha512-rBJeI5CXAlmy1pV+617WB9J63U6XcazHHF2f2dbJix4XzpUF0RS3Zbj0FGIOCAva5P/d/GBOYaACQ1w+0azUkg==, registry: https://registry.npm.taobao.org/, tarball: https://registry.npmmirror.com/universalify/-/universalify-0.1.2.tgz }
    name: universalify
    version: 0.1.2
    engines: { node: '>= 4.0.0' }
    dev: false

  registry.npmmirror.com/v8-compile-cache-lib/3.0.1:
    resolution: { integrity: sha512-wa7YjyUGfNZngI/vtK0UHAN+lgDCxBPCylVXGp0zu59Fz5aiGtNXaq3DhIov063MorB+VfufLh3JlF2KdTK3xg==, registry: https://registry.npm.taobao.org/, tarball: https://registry.npmmirror.com/v8-compile-cache-lib/-/v8-compile-cache-lib-3.0.1.tgz }
    name: v8-compile-cache-lib
    version: 3.0.1
    dev: true

  registry.npmmirror.com/yn/3.1.1:
    resolution: { integrity: sha512-Ux4ygGWsu2c7isFWe8Yu1YluJmqVhxqK2cLXNQA5AcC3QfbGNpM7fu0Y8b/z16pXLnFxZYvWhd3fhBY9DLmC6Q==, registry: https://registry.npm.taobao.org/, tarball: https://registry.npmmirror.com/yn/-/yn-3.1.1.tgz }
    name: yn
    version: 3.1.1
    engines: { node: '>=6' }
    dev: true
